
Microsoft Visual Studio Solution File, Format Version 12.00
# Visual Studio Version 17
VisualStudioVersion = 17.9.34701.34
MinimumVisualStudioVersion = 10.0.40219.1
Project("{FAE04EC0-301F-11D3-BF4B-00C04F79EFBC}") = "SeProject", "SeProject\SeProject.csproj", "{F6F4207D-E08F-4B08-B141-71B601EEAEF8}"
EndProject
Global
	GlobalSection(SolutionConfigurationPlatforms) = preSolution
		Debug|Any CPU = Debug|Any CPU
		Release|Any CPU = Release|Any CPU
	EndGlobalSection
	GlobalSection(ProjectConfigurationPlatforms) = postSolution
		{F6F4207D-E08F-4B08-B141-71B601EEAEF8}.Debug|Any CPU.ActiveCfg = Debug|Any CPU
		{F6F4207D-E08F-4B08-B141-71B601EEAEF8}.Debug|Any CPU.Build.0 = Debug|Any CPU
		{F6F4207D-E08F-4B08-B141-71B601EEAEF8}.Release|Any CPU.ActiveCfg = Release|Any CPU
		{F6F4207D-E08F-4B08-B141-71B601EEAEF8}.Release|Any CPU.Build.0 = Release|Any CPU
	EndGlobalSection
	GlobalSection(SolutionProperties) = preSolution
		HideSolutionNode = FALSE
	EndGlobalSection
	GlobalSection(ExtensibilityGlobals) = postSolution
		SolutionGuid = {CB640AB6-052A-48F9-A21A-334F5B8F05E1}
	EndGlobalSection
EndGlobal
